
Microsoft Visual Studio Solution File, Format Version 12.00
# Visual Studio Version 17
VisualStudioVersion = 17.5.33530.505
MinimumVisualStudioVersion = 10.0.40219.1
Project("{FAE04EC0-301F-11D3-BF4B-00C04F79EFBC}") = "MedicalAdminReact", "MedicalAdminReact.csproj", "{BCE00E97-2887-47FD-8767-8A160FE91F76}"
EndProject
Global
	GlobalSection(SolutionConfigurationPlatforms) = preSolution
		Debug|Any CPU = Debug|Any CPU
		Release|Any CPU = Release|Any CPU
	EndGlobalSection
	GlobalSection(ProjectConfigurationPlatforms) = postSolution
		{BCE00E97-2887-47FD-8767-8A160FE91F76}.Debug|Any CPU.ActiveCfg = Debug|Any CPU
		{BCE00E97-2887-47FD-8767-8A160FE91F76}.Debug|Any CPU.Build.0 = Debug|Any CPU
		{BCE00E97-2887-47FD-8767-8A160FE91F76}.Release|Any CPU.ActiveCfg = Release|Any CPU
		{BCE00E97-2887-47FD-8767-8A160FE91F76}.Release|Any CPU.Build.0 = Release|Any CPU
	EndGlobalSection
	GlobalSection(SolutionProperties) = preSolution
		HideSolutionNode = FALSE
	EndGlobalSection
	GlobalSection(ExtensibilityGlobals) = postSolution
		SolutionGuid = {E6BBCFF6-7B99-4493-B92A-E6E3EF8C01D7}
	EndGlobalSection
EndGlobal
